// !$*UTF8*$!
{
	archiveVersion = 1;
	classes = {
	};
	objectVersion = 50;
	objects = {

/* Begin PBXBuildFile section */
		9F17FCA624C712BB008D39A1 /* PlaneDetectionController.swift in Sources */ = {isa = PBXBuildFile; fileRef = 9F17FCA524C712BB008D39A1 /* PlaneDetectionController.swift */; };
		9F4A36D324BC1027007B5C22 /* AppDelegate.swift in Sources */ = {isa = PBXBuildFile; fileRef = 9F4A36D224BC1027007B5C22 /* AppDelegate.swift */; };
		9F4A36D524BC1028007B5C22 /* SceneDelegate.swift in Sources */ = {isa = PBXBuildFile; fileRef = 9F4A36D424BC1028007B5C22 /* SceneDelegate.swift */; };
		9F4A36D724BC1028007B5C22 /* AboutController.swift in Sources */ = {isa = PBXBuildFile; fileRef = 9F4A36D624BC1028007B5C22 /* AboutController.swift */; };
		9F4A36DC24BC1028007B5C22 /* Main.storyboard in Resources */ = {isa = PBXBuildFile; fileRef = 9F4A36DA24BC1028007B5C22 /* Main.storyboard */; };
		9F4A36DE24BC102C007B5C22 /* Assets.xcassets in Resources */ = {isa = PBXBuildFile; fileRef = 9F4A36DD24BC102C007B5C22 /* Assets.xcassets */; };
		9F4A36E124BC102D007B5C22 /* LaunchScreen.storyboard in Resources */ = {isa = PBXBuildFile; fileRef = 9F4A36DF24BC102D007B5C22 /* LaunchScreen.storyboard */; };
		9F4A36E924BC1270007B5C22 /* planetController.swift in Sources */ = {isa = PBXBuildFile; fileRef = 9F4A36E824BC1270007B5C22 /* planetController.swift */; };
		9F4A36EB24BC1543007B5C22 /* ARMenuController.swift in Sources */ = {isa = PBXBuildFile; fileRef = 9F4A36EA24BC1543007B5C22 /* ARMenuController.swift */; };
		9F4A36ED24BC186E007B5C22 /* MerkuriusController.swift in Sources */ = {isa = PBXBuildFile; fileRef = 9F4A36EC24BC186E007B5C22 /* MerkuriusController.swift */; };
		9F4A36EF24BC1881007B5C22 /* VenusController.swift in Sources */ = {isa = PBXBuildFile; fileRef = 9F4A36EE24BC1881007B5C22 /* VenusController.swift */; };
		9F4A36F124BC1894007B5C22 /* BumiController.swift in Sources */ = {isa = PBXBuildFile; fileRef = 9F4A36F024BC1894007B5C22 /* BumiController.swift */; };
		9F4A36F324BC18C1007B5C22 /* MarsController.swift in Sources */ = {isa = PBXBuildFile; fileRef = 9F4A36F224BC18C1007B5C22 /* MarsController.swift */; };
		9F4A36F524BC18CF007B5C22 /* JupiterController.swift in Sources */ = {isa = PBXBuildFile; fileRef = 9F4A36F424BC18CF007B5C22 /* JupiterController.swift */; };
		9F4A36F724BC18DE007B5C22 /* SaturnusController.swift in Sources */ = {isa = PBXBuildFile; fileRef = 9F4A36F624BC18DE007B5C22 /* SaturnusController.swift */; };
		9F4A36F924BC18EB007B5C22 /* UranusController.swift in Sources */ = {isa = PBXBuildFile; fileRef = 9F4A36F824BC18EB007B5C22 /* UranusController.swift */; };
		9F4A36FB24BC18F9007B5C22 /* NeptunusController.swift in Sources */ = {isa = PBXBuildFile; fileRef = 9F4A36FA24BC18F9007B5C22 /* NeptunusController.swift */; };
		9F97606124BCB2E700023480 /* textures.scnassets in Resources */ = {isa = PBXBuildFile; fileRef = 9F97606024BCB2E700023480 /* textures.scnassets */; };
		B847702125639C5A006CF489 /* PlanetModel.swift in Sources */ = {isa = PBXBuildFile; fileRef = B847702025639C5A006CF489 /* PlanetModel.swift */; };
		B84770242563A583006CF489 /* PlanetNodes.swift in Sources */ = {isa = PBXBuildFile; fileRef = B84770232563A583006CF489 /* PlanetNodes.swift */; };
/* End PBXBuildFile section */

/* Begin PBXFileReference section */
		9F17FCA524C712BB008D39A1 /* PlaneDetectionController.swift */ = {isa = PBXFileReference; lastKnownFileType = sourcecode.swift; path = PlaneDetectionController.swift; sourceTree = "<group>"; };
		9F4A36CF24BC1027007B5C22 /* planetarium.app */ = {isa = PBXFileReference; explicitFileType = wrapper.application; includeInIndex = 0; path = planetarium.app; sourceTree = BUILT_PRODUCTS_DIR; };
		9F4A36D224BC1027007B5C22 /* AppDelegate.swift */ = {isa = PBXFileReference; lastKnownFileType = sourcecode.swift; path = AppDelegate.swift; sourceTree = "<group>"; };
		9F4A36D424BC1028007B5C22 /* SceneDelegate.swift */ = {isa = PBXFileReference; lastKnownFileType = sourcecode.swift; path = SceneDelegate.swift; sourceTree = "<group>"; };
		9F4A36D624BC1028007B5C22 /* AboutController.swift */ = {isa = PBXFileReference; lastKnownFileType = sourcecode.swift; path = AboutController.swift; sourceTree = "<group>"; };
		9F4A36DB24BC1028007B5C22 /* Base */ = {isa = PBXFileReference; lastKnownFileType = file.storyboard; name = Base; path = Base.lproj/Main.storyboard; sourceTree = "<group>"; };
		9F4A36DD24BC102C007B5C22 /* Assets.xcassets */ = {isa = PBXFileReference; lastKnownFileType = folder.assetcatalog; path = Assets.xcassets; sourceTree = "<group>"; };
		9F4A36E024BC102D007B5C22 /* Base */ = {isa = PBXFileReference; lastKnownFileType = file.storyboard; name = Base; path = Base.lproj/LaunchScreen.storyboard; sourceTree = "<group>"; };
		9F4A36E224BC102D007B5C22 /* Info.plist */ = {isa = PBXFileReference; lastKnownFileType = text.plist.xml; path = Info.plist; sourceTree = "<group>"; };
		9F4A36E824BC1270007B5C22 /* planetController.swift */ = {isa = PBXFileReference; lastKnownFileType = sourcecode.swift; path = planetController.swift; sourceTree = "<group>"; };
		9F4A36EA24BC1543007B5C22 /* ARMenuController.swift */ = {isa = PBXFileReference; lastKnownFileType = sourcecode.swift; path = ARMenuController.swift; sourceTree = "<group>"; };
		9F4A36EC24BC186E007B5C22 /* MerkuriusController.swift */ = {isa = PBXFileReference; lastKnownFileType = sourcecode.swift; path = MerkuriusController.swift; sourceTree = "<group>"; };
		9F4A36EE24BC1881007B5C22 /* VenusController.swift */ = {isa = PBXFileReference; lastKnownFileType = sourcecode.swift; path = VenusController.swift; sourceTree = "<group>"; };
		9F4A36F024BC1894007B5C22 /* BumiController.swift */ = {isa = PBXFileReference; lastKnownFileType = sourcecode.swift; path = BumiController.swift; sourceTree = "<group>"; };
		9F4A36F224BC18C1007B5C22 /* MarsController.swift */ = {isa = PBXFileReference; lastKnownFileType = sourcecode.swift; path = MarsController.swift; sourceTree = "<group>"; };
		9F4A36F424BC18CF007B5C22 /* JupiterController.swift */ = {isa = PBXFileReference; lastKnownFileType = sourcecode.swift; path = JupiterController.swift; sourceTree = "<group>"; };
		9F4A36F624BC18DE007B5C22 /* SaturnusController.swift */ = {isa = PBXFileReference; lastKnownFileType = sourcecode.swift; path = SaturnusController.swift; sourceTree = "<group>"; };
		9F4A36F824BC18EB007B5C22 /* UranusController.swift */ = {isa = PBXFileReference; lastKnownFileType = sourcecode.swift; path = UranusController.swift; sourceTree = "<group>"; };
		9F4A36FA24BC18F9007B5C22 /* NeptunusController.swift */ = {isa = PBXFileReference; lastKnownFileType = sourcecode.swift; path = NeptunusController.swift; sourceTree = "<group>"; };
		9F97606024BCB2E700023480 /* textures.scnassets */ = {isa = PBXFileReference; lastKnownFileType = wrapper.scnassets; path = textures.scnassets; sourceTree = "<group>"; };
		B847702025639C5A006CF489 /* PlanetModel.swift */ = {isa = PBXFileReference; lastKnownFileType = sourcecode.swift; path = PlanetModel.swift; sourceTree = "<group>"; };
		B84770232563A583006CF489 /* PlanetNodes.swift */ = {isa = PBXFileReference; lastKnownFileType = sourcecode.swift; path = PlanetNodes.swift; sourceTree = "<group>"; };
/* End PBXFileReference section */

/* Begin PBXFrameworksBuildPhase section */
		9F4A36CC24BC1027007B5C22 /* Frameworks */ = {
			isa = PBXFrameworksBuildPhase;
			buildActionMask = 2147483647;
			files = (
			);
			runOnlyForDeploymentPostprocessing = 0;
		};
/* End PBXFrameworksBuildPhase section */

/* Begin PBXGroup section */
		9F4A36C624BC1027007B5C22 = {
			isa = PBXGroup;
			children = (
				9F4A36D124BC1027007B5C22 /* planetarium */,
				9F4A36D024BC1027007B5C22 /* Products */,
			);
			sourceTree = "<group>";
		};
		9F4A36D024BC1027007B5C22 /* Products */ = {
			isa = PBXGroup;
			children = (
				9F4A36CF24BC1027007B5C22 /* planetarium.app */,
			);
			name = Products;
			sourceTree = "<group>";
		};
		9F4A36D124BC1027007B5C22 /* planetarium */ = {
			isa = PBXGroup;
			children = (
				9F97606024BCB2E700023480 /* textures.scnassets */,
				9F4A36DD24BC102C007B5C22 /* Assets.xcassets */,
				9F4A36D224BC1027007B5C22 /* AppDelegate.swift */,
				9F4A36D424BC1028007B5C22 /* SceneDelegate.swift */,
				9F97605724BC9EE900023480 /* Model */,
				B847701D25639AB1006CF489 /* View */,
				9F97605824BC9F1900023480 /* Controller */,
				9F4A36E224BC102D007B5C22 /* Info.plist */,
			);
			path = planetarium;
			sourceTree = "<group>";
		};
		9F97605724BC9EE900023480 /* Model */ = {
			isa = PBXGroup;
			children = (
				B847702025639C5A006CF489 /* PlanetModel.swift */,
				B84770232563A583006CF489 /* PlanetNodes.swift */,
			);
			path = Model;
			sourceTree = "<group>";
		};
		9F97605824BC9F1900023480 /* Controller */ = {
			isa = PBXGroup;
			children = (
				9F4A36D624BC1028007B5C22 /* AboutController.swift */,
				9F4A36EA24BC1543007B5C22 /* ARMenuController.swift */,
				9F17FCA524C712BB008D39A1 /* PlaneDetectionController.swift */,
				9F4A36E824BC1270007B5C22 /* planetController.swift */,
				9F4A36EC24BC186E007B5C22 /* MerkuriusController.swift */,
				9F4A36EE24BC1881007B5C22 /* VenusController.swift */,
				9F4A36F024BC1894007B5C22 /* BumiController.swift */,
				9F4A36F224BC18C1007B5C22 /* MarsController.swift */,
				9F4A36F424BC18CF007B5C22 /* JupiterController.swift */,
				9F4A36F624BC18DE007B5C22 /* SaturnusController.swift */,
				9F4A36F824BC18EB007B5C22 /* UranusController.swift */,
				9F4A36FA24BC18F9007B5C22 /* NeptunusController.swift */,
			);
			path = Controller;
			sourceTree = "<group>";
		};
		B847701D25639AB1006CF489 /* View */ = {
			isa = PBXGroup;
			children = (
				9F4A36DF24BC102D007B5C22 /* LaunchScreen.storyboard */,
				9F4A36DA24BC1028007B5C22 /* Main.storyboard */,
			);
			path = View;
			sourceTree = "<group>";
		};
/* End PBXGroup section */

/* Begin PBXNativeTarget section */
		9F4A36CE24BC1027007B5C22 /* planetarium */ = {
			isa = PBXNativeTarget;
			buildConfigurationList = 9F4A36E524BC102D007B5C22 /* Build configuration list for PBXNativeTarget "planetarium" */;
			buildPhases = (
				9F4A36CB24BC1027007B5C22 /* Sources */,
				9F4A36CC24BC1027007B5C22 /* Frameworks */,
				9F4A36CD24BC1027007B5C22 /* Resources */,
			);
			buildRules = (
			);
			dependencies = (
			);
			name = planetarium;
			productName = planetarium;
			productReference = 9F4A36CF24BC1027007B5C22 /* planetarium.app */;
			productType = "com.apple.product-type.application";
		};
/* End PBXNativeTarget section */

/* Begin PBXProject section */
		9F4A36C724BC1027007B5C22 /* Project object */ = {
			isa = PBXProject;
			attributes = {
				LastSwiftUpdateCheck = 1130;
				LastUpgradeCheck = 1210;
				ORGANIZATIONNAME = projectflakes;
				TargetAttributes = {
					9F4A36CE24BC1027007B5C22 = {
						CreatedOnToolsVersion = 11.3;
					};
				};
			};
			buildConfigurationList = 9F4A36CA24BC1027007B5C22 /* Build configuration list for PBXProject "planetarium" */;
			compatibilityVersion = "Xcode 9.3";
			developmentRegion = en;
			hasScannedForEncodings = 0;
			knownRegions = (
				en,
				Base,
			);
			mainGroup = 9F4A36C624BC1027007B5C22;
			productRefGroup = 9F4A36D024BC1027007B5C22 /* Products */;
			projectDirPath = "";
			projectRoot = "";
			targets = (
				9F4A36CE24BC1027007B5C22 /* planetarium */,
			);
		};
/* End PBXProject section */

/* Begin PBXResourcesBuildPhase section */
		9F4A36CD24BC1027007B5C22 /* Resources */ = {
			isa = PBXResourcesBuildPhase;
			buildActionMask = 2147483647;
			files = (
				9F97606124BCB2E700023480 /* textures.scnassets in Resources */,
				9F4A36E124BC102D007B5C22 /* LaunchScreen.storyboard in Resources */,
				9F4A36DE24BC102C007B5C22 /* Assets.xcassets in Resources */,
				9F4A36DC24BC1028007B5C22 /* Main.storyboard in Resources */,
			);
			runOnlyForDeploymentPostprocessing = 0;
		};
/* End PBXResourcesBuildPhase section */

/* Begin PBXSourcesBuildPhase section */
		9F4A36CB24BC1027007B5C22 /* Sources */ = {
			isa = PBXSourcesBuildPhase;
			buildActionMask = 2147483647;
			files = (
				9F4A36FB24BC18F9007B5C22 /* NeptunusController.swift in Sources */,
				9F4A36F124BC1894007B5C22 /* BumiController.swift in Sources */,
				9F4A36E924BC1270007B5C22 /* planetController.swift in Sources */,
				9F4A36ED24BC186E007B5C22 /* MerkuriusController.swift in Sources */,
				9F17FCA624C712BB008D39A1 /* PlaneDetectionController.swift in Sources */,
				9F4A36F924BC18EB007B5C22 /* UranusController.swift in Sources */,
				9F4A36EB24BC1543007B5C22 /* ARMenuController.swift in Sources */,
				9F4A36D724BC1028007B5C22 /* AboutController.swift in Sources */,
				9F4A36F524BC18CF007B5C22 /* JupiterController.swift in Sources */,
				9F4A36F324BC18C1007B5C22 /* MarsController.swift in Sources */,
				9F4A36F724BC18DE007B5C22 /* SaturnusController.swift in Sources */,
				9F4A36EF24BC1881007B5C22 /* VenusController.swift in Sources */,
				9F4A36D324BC1027007B5C22 /* AppDelegate.swift in Sources */,
				9F4A36D524BC1028007B5C22 /* SceneDelegate.swift in Sources */,
				B847702125639C5A006CF489 /* PlanetModel.swift in Sources */,
				B84770242563A583006CF489 /* PlanetNodes.swift in Sources */,
			);
			runOnlyForDeploymentPostprocessing = 0;
		};
/* End PBXSourcesBuildPhase section */

/* Begin PBXVariantGroup section */
		9F4A36DA24BC1028007B5C22 /* Main.storyboard */ = {
			isa = PBXVariantGroup;
			children = (
				9F4A36DB24BC1028007B5C22 /* Base */,
			);
			name = Main.storyboard;
			sourceTree = "<group>";
		};
		9F4A36DF24BC102D007B5C22 /* LaunchScreen.storyboard */ = {
			isa = PBXVariantGroup;
			children = (
				9F4A36E024BC102D007B5C22 /* Base */,
			);
			name = LaunchScreen.storyboard;
			sourceTree = "<group>";
		};
/* End PBXVariantGroup section */

/* Begin XCBuildConfiguration section */
		9F4A36E324BC102D007B5C22 /* Debug */ = {
			isa = XCBuildConfiguration;
			buildSettings = {
				ALWAYS_SEARCH_USER_PATHS = NO;
				CLANG_ANALYZER_NONNULL = YES;
				CLANG_ANALYZER_NUMBER_OBJECT_CONVERSION = YES_AGGRESSIVE;
				CLANG_CXX_LANGUAGE_STANDARD = "gnu++14";
				CLANG_CXX_LIBRARY = "libc++";
				CLANG_ENABLE_MODULES = YES;
				CLANG_ENABLE_OBJC_ARC = YES;
				CLANG_ENABLE_OBJC_WEAK = YES;
				CLANG_WARN_BLOCK_CAPTURE_AUTORELEASING = YES;
				CLANG_WARN_BOOL_CONVERSION = YES;
				CLANG_WARN_COMMA = YES;
				CLANG_WARN_CONSTANT_CONVERSION = YES;
				CLANG_WARN_DEPRECATED_OBJC_IMPLEMENTATIONS = YES;
				CLANG_WARN_DIRECT_OBJC_ISA_USAGE = YES_ERROR;
				CLANG_WARN_DOCUMENTATION_COMMENTS = YES;
				CLANG_WARN_EMPTY_BODY = YES;
				CLANG_WARN_ENUM_CONVERSION = YES;
				CLANG_WARN_INFINITE_RECURSION = YES;
				CLANG_WARN_INT_CONVERSION = YES;
				CLANG_WARN_NON_LITERAL_NULL_CONVERSION = YES;
				CLANG_WARN_OBJC_IMPLICIT_RETAIN_SELF = YES;
				CLANG_WARN_OBJC_LITERAL_CONVERSION = YES;
				CLANG_WARN_OBJC_ROOT_CLASS = YES_ERROR;
				CLANG_WARN_QUOTED_INCLUDE_IN_FRAMEWORK_HEADER = YES;
				CLANG_WARN_RANGE_LOOP_ANALYSIS = YES;
				CLANG_WARN_STRICT_PROTOTYPES = YES;
				CLANG_WARN_SUSPICIOUS_MOVE = YES;
				CLANG_WARN_UNGUARDED_AVAILABILITY = YES_AGGRESSIVE;
				CLANG_WARN_UNREACHABLE_CODE = YES;
				CLANG_WARN__DUPLICATE_METHOD_MATCH = YES;
				COPY_PHASE_STRIP = NO;
				DEBUG_INFORMATION_FORMAT = dwarf;
				ENABLE_STRICT_OBJC_MSGSEND = YES;
				ENABLE_TESTABILITY = YES;
				GCC_C_LANGUAGE_STANDARD = gnu11;
				GCC_DYNAMIC_NO_PIC = NO;
				GCC_NO_COMMON_BLOCKS = YES;
				GCC_OPTIMIZATION_LEVEL = 0;
				GCC_PREPROCESSOR_DEFINITIONS = (
					"DEBUG=1",
					"$(inherited)",
				);
				GCC_WARN_64_TO_32_BIT_CONVERSION = YES;
				GCC_WARN_ABOUT_RETURN_TYPE = YES_ERROR;
				GCC_WARN_UNDECLARED_SELECTOR = YES;
				GCC_WARN_UNINITIALIZED_AUTOS = YES_AGGRESSIVE;
				GCC_WARN_UNUSED_FUNCTION = YES;
				GCC_WARN_UNUSED_VARIABLE = YES;
				IPHONEOS_DEPLOYMENT_TARGET = 14.0;
				MTL_ENABLE_DEBUG_INFO = INCLUDE_SOURCE;
				MTL_FAST_MATH = YES;
				ONLY_ACTIVE_ARCH = YES;
				SDKROOT = iphoneos;
				SWIFT_ACTIVE_COMPILATION_CONDITIONS = DEBUG;
				SWIFT_OPTIMIZATION_LEVEL = "-Onone";
			};
			name = Debug;
		};
		9F4A36E424BC102D007B5C22 /* Release */ = {
			isa = XCBuildConfiguration;
			buildSettings = {
				ALWAYS_SEARCH_USER_PATHS = NO;
				CLANG_ANALYZER_NONNULL = YES;
				CLANG_ANALYZER_NUMBER_OBJECT_CONVERSION = YES_AGGRESSIVE;
				CLANG_CXX_LANGUAGE_STANDARD = "gnu++14";
				CLANG_CXX_LIBRARY = "libc++";
				CLANG_ENABLE_MODULES = YES;
				CLANG_ENABLE_OBJC_ARC = YES;
				CLANG_ENABLE_OBJC_WEAK = YES;
				CLANG_WARN_BLOCK_CAPTURE_AUTORELEASING = YES;
				CLANG_WARN_BOOL_CONVERSION = YES;
				CLANG_WARN_COMMA = YES;
				CLANG_WARN_CONSTANT_CONVERSION = YES;
				CLANG_WARN_DEPRECATED_OBJC_IMPLEMENTATIONS = YES;
				CLANG_WARN_DIRECT_OBJC_ISA_USAGE = YES_ERROR;
				CLANG_WARN_DOCUMENTATION_COMMENTS = YES;
				CLANG_WARN_EMPTY_BODY = YES;
				CLANG_WARN_ENUM_CONVERSION = YES;
				CLANG_WARN_INFINITE_RECURSION = YES;
				CLANG_WARN_INT_CONVERSION = YES;
				CLANG_WARN_NON_LITERAL_NULL_CONVERSION = YES;
				CLANG_WARN_OBJC_IMPLICIT_RETAIN_SELF = YES;
				CLANG_WARN_OBJC_LITERAL_CONVERSION = YES;
				CLANG_WARN_OBJC_ROOT_CLASS = YES_ERROR;
				CLANG_WARN_QUOTED_INCLUDE_IN_FRAMEWORK_HEADER = YES;
				CLANG_WARN_RANGE_LOOP_ANALYSIS = YES;
				CLANG_WARN_STRICT_PROTOTYPES = YES;
				CLANG_WARN_SUSPICIOUS_MOVE = YES;
				CLANG_WARN_UNGUARDED_AVAILABILITY = YES_AGGRESSIVE;
				CLANG_WARN_UNREACHABLE_CODE = YES;
				CLANG_WARN__DUPLICATE_METHOD_MATCH = YES;
				COPY_PHASE_STRIP = NO;
				DEBUG_INFORMATION_FORMAT = "dwarf-with-dsym";
				ENABLE_NS_ASSERTIONS = NO;
				ENABLE_STRICT_OBJC_MSGSEND = YES;
				GCC_C_LANGUAGE_STANDARD = gnu11;
				GCC_NO_COMMON_BLOCKS = YES;
				GCC_WARN_64_TO_32_BIT_CONVERSION = YES;
				GCC_WARN_ABOUT_RETURN_TYPE = YES_ERROR;
				GCC_WARN_UNDECLARED_SELECTOR = YES;
				GCC_WARN_UNINITIALIZED_AUTOS = YES_AGGRESSIVE;
				GCC_WARN_UNUSED_FUNCTION = YES;
				GCC_WARN_UNUSED_VARIABLE = YES;
				IPHONEOS_DEPLOYMENT_TARGET = 14.0;
				MTL_ENABLE_DEBUG_INFO = NO;
				MTL_FAST_MATH = YES;
				SDKROOT = iphoneos;
				SWIFT_COMPILATION_MODE = wholemodule;
				SWIFT_OPTIMIZATION_LEVEL = "-O";
				VALIDATE_PRODUCT = YES;
			};
			name = Release;
		};
		9F4A36E624BC102D007B5C22 /* Debug */ = {
			isa = XCBuildConfiguration;
			buildSettings = {
				ASSETCATALOG_COMPILER_APPICON_NAME = AppIcon;
				CODE_SIGN_STYLE = Automatic;
				DEVELOPMENT_TEAM = KX6446D8M8;
				INFOPLIST_FILE = planetarium/Info.plist;
				LD_RUNPATH_SEARCH_PATHS = (
					"$(inherited)",
					"@executable_path/Frameworks",
				);
				PRODUCT_BUNDLE_IDENTIFIER = com.projectflakes.planetarium;
				PRODUCT_NAME = "$(TARGET_NAME)";
				SWIFT_VERSION = 5.0;
				TARGETED_DEVICE_FAMILY = "1,2";
			};
			name = Debug;
		};
		9F4A36E724BC102D007B5C22 /* Release */ = {
			isa = XCBuildConfiguration;
			buildSettings = {
				ASSETCATALOG_COMPILER_APPICON_NAME = AppIcon;
				CODE_SIGN_STYLE = Automatic;
				DEVELOPMENT_TEAM = KX6446D8M8;
				INFOPLIST_FILE = planetarium/Info.plist;
				LD_RUNPATH_SEARCH_PATHS = (
					"$(inherited)",
					"@executable_path/Frameworks",
				);
				PRODUCT_BUNDLE_IDENTIFIER = com.projectflakes.planetarium;
				PRODUCT_NAME = "$(TARGET_NAME)";
				SWIFT_VERSION = 5.0;
				TARGETED_DEVICE_FAMILY = "1,2";
			};
			name = Release;
		};
/* End XCBuildConfiguration section */

/* Begin XCConfigurationList section */
		9F4A36CA24BC1027007B5C22 /* Build configuration list for PBXProject "planetarium" */ = {
			isa = XCConfigurationList;
			buildConfigurations = (
				9F4A36E324BC102D007B5C22 /* Debug */,
				9F4A36E424BC102D007B5C22 /* Release */,
			);
			defaultConfigurationIsVisible = 0;
			defaultConfigurationName = Release;
		};
		9F4A36E524BC102D007B5C22 /* Build configuration list for PBXNativeTarget "planetarium" */ = {
			isa = XCConfigurationList;
			buildConfigurations = (
				9F4A36E624BC102D007B5C22 /* Debug */,
				9F4A36E724BC102D007B5C22 /* Release */,
			);
			defaultConfigurationIsVisible = 0;
			defaultConfigurationName = Release;
		};
/* End XCConfigurationList section */
	};
	rootObject = 9F4A36C724BC1027007B5C22 /* Project object */;
}
